// !$*UTF8*$!
{
	archiveVersion = 1;
	classes = {
	};
	objectVersion = 56;
	objects = {

/* Begin PBXBuildFile section */
		AD401EA02C3545F600C3DB49 /* ding.wav in Resources */ = {isa = PBXBuildFile; fileRef = AD401E9F2C3545F600C3DB49 /* ding.wav */; };
		AD401EA42C354F2400C3DB49 /* NewScumSheet.swift in Sources */ = {isa = PBXBuildFile; fileRef = AD401EA32C354F2400C3DB49 /* NewScumSheet.swift */; };
		AD401EA62C35515B00C3DB49 /* History.swift in Sources */ = {isa = PBXBuildFile; fileRef = AD401EA52C35515B00C3DB49 /* History.swift */; };
		AD8DB7702C297555005E71EA /* ScrumdingerApp.swift in Sources */ = {isa = PBXBuildFile; fileRef = AD8DB76F2C297555005E71EA /* ScrumdingerApp.swift */; };
		AD8DB7722C297555005E71EA /* MeetingView.swift in Sources */ = {isa = PBXBuildFile; fileRef = AD8DB7712C297555005E71EA /* MeetingView.swift */; };
		AD8DB7742C297556005E71EA /* Assets.xcassets in Resources */ = {isa = PBXBuildFile; fileRef = AD8DB7732C297556005E71EA /* Assets.xcassets */; };
		AD8DB7772C297556005E71EA /* Preview Assets.xcassets in Resources */ = {isa = PBXBuildFile; fileRef = AD8DB7762C297556005E71EA /* Preview Assets.xcassets */; };
		AD8DB77F2C297B79005E71EA /* Theme.swift in Sources */ = {isa = PBXBuildFile; fileRef = AD8DB77E2C297B79005E71EA /* Theme.swift */; };
		AD8DB7812C297EF5005E71EA /* DailyScrum.swift in Sources */ = {isa = PBXBuildFile; fileRef = AD8DB7802C297EF5005E71EA /* DailyScrum.swift */; };
		AD8DB7832C297F8C005E71EA /* CardView.swift in Sources */ = {isa = PBXBuildFile; fileRef = AD8DB7822C297F8C005E71EA /* CardView.swift */; };
		ADD675DF2C2FF29100B353D7 /* TrailingIconLabelStyle.swift in Sources */ = {isa = PBXBuildFile; fileRef = ADD675DE2C2FF29100B353D7 /* TrailingIconLabelStyle.swift */; };
		ADD675E12C2FF37900B353D7 /* ScrumView.swift in Sources */ = {isa = PBXBuildFile; fileRef = ADD675E02C2FF37900B353D7 /* ScrumView.swift */; };
		ADD675E32C2FF92D00B353D7 /* DetailView.swift in Sources */ = {isa = PBXBuildFile; fileRef = ADD675E22C2FF92D00B353D7 /* DetailView.swift */; };
		ADD675E62C30086B00B353D7 /* DetailEditView.swift in Sources */ = {isa = PBXBuildFile; fileRef = ADD675E52C30086B00B353D7 /* DetailEditView.swift */; };
		ADD675E82C30130700B353D7 /* ThemeView.swift in Sources */ = {isa = PBXBuildFile; fileRef = ADD675E72C30130700B353D7 /* ThemeView.swift */; };
		ADD675EA2C30137300B353D7 /* ThemePicker.swift in Sources */ = {isa = PBXBuildFile; fileRef = ADD675E92C30137300B353D7 /* ThemePicker.swift */; };
		ADD675EC2C313DE600B353D7 /* MeetingHeaderView.swift in Sources */ = {isa = PBXBuildFile; fileRef = ADD675EB2C313DE600B353D7 /* MeetingHeaderView.swift */; };
		ADD675EE2C313F8F00B353D7 /* ScrumProgressViewStyle.swift in Sources */ = {isa = PBXBuildFile; fileRef = ADD675ED2C313F8F00B353D7 /* ScrumProgressViewStyle.swift */; };
		ADD675F02C3151CA00B353D7 /* ScrumTimer.swift in Sources */ = {isa = PBXBuildFile; fileRef = ADD675EF2C3151CA00B353D7 /* ScrumTimer.swift */; };
		ADD675F52C32C7B500B353D7 /* MeetingFooterView.swift in Sources */ = {isa = PBXBuildFile; fileRef = ADD675F42C32C7B500B353D7 /* MeetingFooterView.swift */; };
		ADD675F72C32D2F400B353D7 /* AVPlayer+Ding.swift in Sources */ = {isa = PBXBuildFile; fileRef = ADD675F62C32D2F400B353D7 /* AVPlayer+Ding.swift */; };
/* End PBXBuildFile section */

/* Begin PBXFileReference section */
		AD401E9F2C3545F600C3DB49 /* ding.wav */ = {isa = PBXFileReference; lastKnownFileType = audio.wav; path = ding.wav; sourceTree = "<group>"; };
		AD401EA32C354F2400C3DB49 /* NewScumSheet.swift */ = {isa = PBXFileReference; lastKnownFileType = sourcecode.swift; path = NewScumSheet.swift; sourceTree = "<group>"; };
		AD401EA52C35515B00C3DB49 /* History.swift */ = {isa = PBXFileReference; lastKnownFileType = sourcecode.swift; path = History.swift; sourceTree = "<group>"; };
		AD8DB76C2C297555005E71EA /* Scrumdinger.app */ = {isa = PBXFileReference; explicitFileType = wrapper.application; includeInIndex = 0; path = Scrumdinger.app; sourceTree = BUILT_PRODUCTS_DIR; };
		AD8DB76F2C297555005E71EA /* ScrumdingerApp.swift */ = {isa = PBXFileReference; lastKnownFileType = sourcecode.swift; path = ScrumdingerApp.swift; sourceTree = "<group>"; };
		AD8DB7712C297555005E71EA /* MeetingView.swift */ = {isa = PBXFileReference; lastKnownFileType = sourcecode.swift; path = MeetingView.swift; sourceTree = "<group>"; };
		AD8DB7732C297556005E71EA /* Assets.xcassets */ = {isa = PBXFileReference; lastKnownFileType = folder.assetcatalog; path = Assets.xcassets; sourceTree = "<group>"; };
		AD8DB7762C297556005E71EA /* Preview Assets.xcassets */ = {isa = PBXFileReference; lastKnownFileType = folder.assetcatalog; path = "Preview Assets.xcassets"; sourceTree = "<group>"; };
		AD8DB77E2C297B79005E71EA /* Theme.swift */ = {isa = PBXFileReference; lastKnownFileType = sourcecode.swift; path = Theme.swift; sourceTree = "<group>"; };
		AD8DB7802C297EF5005E71EA /* DailyScrum.swift */ = {isa = PBXFileReference; lastKnownFileType = sourcecode.swift; path = DailyScrum.swift; sourceTree = "<group>"; };
		AD8DB7822C297F8C005E71EA /* CardView.swift */ = {isa = PBXFileReference; lastKnownFileType = sourcecode.swift; path = CardView.swift; sourceTree = "<group>"; };
		ADD675DE2C2FF29100B353D7 /* TrailingIconLabelStyle.swift */ = {isa = PBXFileReference; lastKnownFileType = sourcecode.swift; path = TrailingIconLabelStyle.swift; sourceTree = "<group>"; };
		ADD675E02C2FF37900B353D7 /* ScrumView.swift */ = {isa = PBXFileReference; lastKnownFileType = sourcecode.swift; path = ScrumView.swift; sourceTree = "<group>"; };
		ADD675E22C2FF92D00B353D7 /* DetailView.swift */ = {isa = PBXFileReference; lastKnownFileType = sourcecode.swift; path = DetailView.swift; sourceTree = "<group>"; };
		ADD675E52C30086B00B353D7 /* DetailEditView.swift */ = {isa = PBXFileReference; lastKnownFileType = sourcecode.swift; path = DetailEditView.swift; sourceTree = "<group>"; };
		ADD675E72C30130700B353D7 /* ThemeView.swift */ = {isa = PBXFileReference; lastKnownFileType = sourcecode.swift; path = ThemeView.swift; sourceTree = "<group>"; };
		ADD675E92C30137300B353D7 /* ThemePicker.swift */ = {isa = PBXFileReference; lastKnownFileType = sourcecode.swift; path = ThemePicker.swift; sourceTree = "<group>"; };
		ADD675EB2C313DE600B353D7 /* MeetingHeaderView.swift */ = {isa = PBXFileReference; lastKnownFileType = sourcecode.swift; path = MeetingHeaderView.swift; sourceTree = "<group>"; };
		ADD675ED2C313F8F00B353D7 /* ScrumProgressViewStyle.swift */ = {isa = PBXFileReference; fileEncoding = 4; lastKnownFileType = sourcecode.swift; path = ScrumProgressViewStyle.swift; sourceTree = "<group>"; };
		ADD675EF2C3151CA00B353D7 /* ScrumTimer.swift */ = {isa = PBXFileReference; fileEncoding = 4; lastKnownFileType = sourcecode.swift; path = ScrumTimer.swift; sourceTree = "<group>"; };
		ADD675F42C32C7B500B353D7 /* MeetingFooterView.swift */ = {isa = PBXFileReference; lastKnownFileType = sourcecode.swift; path = MeetingFooterView.swift; sourceTree = "<group>"; };
		ADD675F62C32D2F400B353D7 /* AVPlayer+Ding.swift */ = {isa = PBXFileReference; fileEncoding = 4; lastKnownFileType = sourcecode.swift; path = "AVPlayer+Ding.swift"; sourceTree = "<group>"; };
/* End PBXFileReference section */

/* Begin PBXFrameworksBuildPhase section */
		AD8DB7692C297555005E71EA /* Frameworks */ = {
			isa = PBXFrameworksBuildPhase;
			buildActionMask = 2147483647;
			files = (
			);
			runOnlyForDeploymentPostprocessing = 0;
		};
/* End PBXFrameworksBuildPhase section */

/* Begin PBXGroup section */
		AD401E9E2C3545C700C3DB49 /* Resources */ = {
			isa = PBXGroup;
			children = (
				AD401E9F2C3545F600C3DB49 /* ding.wav */,
			);
			path = Resources;
			sourceTree = "<group>";
		};
		AD401EA12C3546AE00C3DB49 /* Meeting */ = {
			isa = PBXGroup;
			children = (
				AD8DB7712C297555005E71EA /* MeetingView.swift */,
				ADD675EB2C313DE600B353D7 /* MeetingHeaderView.swift */,
				ADD675F42C32C7B500B353D7 /* MeetingFooterView.swift */,
			);
			path = Meeting;
			sourceTree = "<group>";
		};
		AD401EA22C3546C500C3DB49 /* Detail */ = {
			isa = PBXGroup;
			children = (
				ADD675E22C2FF92D00B353D7 /* DetailView.swift */,
				ADD675E52C30086B00B353D7 /* DetailEditView.swift */,
			);
			path = Detail;
			sourceTree = "<group>";
		};
		AD8DB7632C297555005E71EA = {
			isa = PBXGroup;
			children = (
				AD8DB76E2C297555005E71EA /* Scrumdinger */,
				AD8DB76D2C297555005E71EA /* Products */,
			);
			sourceTree = "<group>";
		};
		AD8DB76D2C297555005E71EA /* Products */ = {
			isa = PBXGroup;
			children = (
				AD8DB76C2C297555005E71EA /* Scrumdinger.app */,
			);
			name = Products;
			sourceTree = "<group>";
		};
		AD8DB76E2C297555005E71EA /* Scrumdinger */ = {
			isa = PBXGroup;
			children = (
				AD401E9E2C3545C700C3DB49 /* Resources */,
				ADD675E42C30080200B353D7 /* Views */,
				AD8DB77D2C297B6D005E71EA /* Models */,
				AD8DB76F2C297555005E71EA /* ScrumdingerApp.swift */,
				AD8DB7732C297556005E71EA /* Assets.xcassets */,
				AD8DB7752C297556005E71EA /* Preview Content */,
				ADD675DE2C2FF29100B353D7 /* TrailingIconLabelStyle.swift */,
			);
			path = Scrumdinger;
			sourceTree = "<group>";
		};
		AD8DB7752C297556005E71EA /* Preview Content */ = {
			isa = PBXGroup;
			children = (
				AD8DB7762C297556005E71EA /* Preview Assets.xcassets */,
			);
			path = "Preview Content";
			sourceTree = "<group>";
		};
		AD8DB77D2C297B6D005E71EA /* Models */ = {
			isa = PBXGroup;
			children = (
				ADD675F62C32D2F400B353D7 /* AVPlayer+Ding.swift */,
				ADD675EF2C3151CA00B353D7 /* ScrumTimer.swift */,
				AD8DB77E2C297B79005E71EA /* Theme.swift */,
				AD8DB7802C297EF5005E71EA /* DailyScrum.swift */,
				AD401EA52C35515B00C3DB49 /* History.swift */,
			);
			path = Models;
			sourceTree = "<group>";
		};
		ADD675E42C30080200B353D7 /* Views */ = {
			isa = PBXGroup;
			children = (
				AD401EA22C3546C500C3DB49 /* Detail */,
				AD401EA12C3546AE00C3DB49 /* Meeting */,
				ADD675ED2C313F8F00B353D7 /* ScrumProgressViewStyle.swift */,
				AD8DB7822C297F8C005E71EA /* CardView.swift */,
				ADD675E02C2FF37900B353D7 /* ScrumView.swift */,
				ADD675E72C30130700B353D7 /* ThemeView.swift */,
				ADD675E92C30137300B353D7 /* ThemePicker.swift */,
				AD401EA32C354F2400C3DB49 /* NewScumSheet.swift */,
			);
			path = Views;
			sourceTree = "<group>";
		};
/* End PBXGroup section */

/* Begin PBXNativeTarget section */
		AD8DB76B2C297555005E71EA /* Scrumdinger */ = {
			isa = PBXNativeTarget;
			buildConfigurationList = AD8DB77A2C297556005E71EA /* Build configuration list for PBXNativeTarget "Scrumdinger" */;
			buildPhases = (
				AD8DB7682C297555005E71EA /* Sources */,
				AD8DB7692C297555005E71EA /* Frameworks */,
				AD8DB76A2C297555005E71EA /* Resources */,
			);
			buildRules = (
			);
			dependencies = (
			);
			name = Scrumdinger;
			productName = Scrumdinger;
			productReference = AD8DB76C2C297555005E71EA /* Scrumdinger.app */;
			productType = "com.apple.product-type.application";
		};
/* End PBXNativeTarget section */

/* Begin PBXProject section */
		AD8DB7642C297555005E71EA /* Project object */ = {
			isa = PBXProject;
			attributes = {
				BuildIndependentTargetsInParallel = 1;
				LastSwiftUpdateCheck = 1530;
				LastUpgradeCheck = 1530;
				TargetAttributes = {
					AD8DB76B2C297555005E71EA = {
						CreatedOnToolsVersion = 15.3;
					};
				};
			};
			buildConfigurationList = AD8DB7672C297555005E71EA /* Build configuration list for PBXProject "Scrumdinger" */;
			compatibilityVersion = "Xcode 14.0";
			developmentRegion = en;
			hasScannedForEncodings = 0;
			knownRegions = (
				en,
				Base,
			);
			mainGroup = AD8DB7632C297555005E71EA;
			productRefGroup = AD8DB76D2C297555005E71EA /* Products */;
			projectDirPath = "";
			projectRoot = "";
			targets = (
				AD8DB76B2C297555005E71EA /* Scrumdinger */,
			);
		};
/* End PBXProject section */

/* Begin PBXResourcesBuildPhase section */
		AD8DB76A2C297555005E71EA /* Resources */ = {
			isa = PBXResourcesBuildPhase;
			buildActionMask = 2147483647;
			files = (
				AD401EA02C3545F600C3DB49 /* ding.wav in Resources */,
				AD8DB7772C297556005E71EA /* Preview Assets.xcassets in Resources */,
				AD8DB7742C297556005E71EA /* Assets.xcassets in Resources */,
			);
			runOnlyForDeploymentPostprocessing = 0;
		};
/* End PBXResourcesBuildPhase section */

/* Begin PBXSourcesBuildPhase section */
		AD8DB7682C297555005E71EA /* Sources */ = {
			isa = PBXSourcesBuildPhase;
			buildActionMask = 2147483647;
			files = (
				AD401EA62C35515B00C3DB49 /* History.swift in Sources */,
				ADD675EA2C30137300B353D7 /* ThemePicker.swift in Sources */,
				ADD675EE2C313F8F00B353D7 /* ScrumProgressViewStyle.swift in Sources */,
				ADD675F52C32C7B500B353D7 /* MeetingFooterView.swift in Sources */,
				ADD675F02C3151CA00B353D7 /* ScrumTimer.swift in Sources */,
				AD8DB7812C297EF5005E71EA /* DailyScrum.swift in Sources */,
				ADD675E32C2FF92D00B353D7 /* DetailView.swift in Sources */,
				ADD675EC2C313DE600B353D7 /* MeetingHeaderView.swift in Sources */,
				ADD675E62C30086B00B353D7 /* DetailEditView.swift in Sources */,
				ADD675E12C2FF37900B353D7 /* ScrumView.swift in Sources */,
				ADD675DF2C2FF29100B353D7 /* TrailingIconLabelStyle.swift in Sources */,
				AD8DB77F2C297B79005E71EA /* Theme.swift in Sources */,
				AD401EA42C354F2400C3DB49 /* NewScumSheet.swift in Sources */,
				AD8DB7722C297555005E71EA /* MeetingView.swift in Sources */,
				AD8DB7702C297555005E71EA /* ScrumdingerApp.swift in Sources */,
				ADD675E82C30130700B353D7 /* ThemeView.swift in Sources */,
				AD8DB7832C297F8C005E71EA /* CardView.swift in Sources */,
				ADD675F72C32D2F400B353D7 /* AVPlayer+Ding.swift in Sources */,
			);
			runOnlyForDeploymentPostprocessing = 0;
		};
/* End PBXSourcesBuildPhase section */

/* Begin XCBuildConfiguration section */
		AD8DB7782C297556005E71EA /* Debug */ = {
			isa = XCBuildConfiguration;
			buildSettings = {
				ALWAYS_SEARCH_USER_PATHS = NO;
				ASSETCATALOG_COMPILER_GENERATE_SWIFT_ASSET_SYMBOL_EXTENSIONS = YES;
				CLANG_ANALYZER_NONNULL = YES;
				CLANG_ANALYZER_NUMBER_OBJECT_CONVERSION = YES_AGGRESSIVE;
				CLANG_CXX_LANGUAGE_STANDARD = "gnu++20";
				CLANG_ENABLE_MODULES = YES;
				CLANG_ENABLE_OBJC_ARC = YES;
				CLANG_ENABLE_OBJC_WEAK = YES;
				CLANG_WARN_BLOCK_CAPTURE_AUTORELEASING = YES;
				CLANG_WARN_BOOL_CONVERSION = YES;
				CLANG_WARN_COMMA = YES;
				CLANG_WARN_CONSTANT_CONVERSION = YES;
				CLANG_WARN_DEPRECATED_OBJC_IMPLEMENTATIONS = YES;
				CLANG_WARN_DIRECT_OBJC_ISA_USAGE = YES_ERROR;
				CLANG_WARN_DOCUMENTATION_COMMENTS = YES;
				CLANG_WARN_EMPTY_BODY = YES;
				CLANG_WARN_ENUM_CONVERSION = YES;
				CLANG_WARN_INFINITE_RECURSION = YES;
				CLANG_WARN_INT_CONVERSION = YES;
				CLANG_WARN_NON_LITERAL_NULL_CONVERSION = YES;
				CLANG_WARN_OBJC_IMPLICIT_RETAIN_SELF = YES;
				CLANG_WARN_OBJC_LITERAL_CONVERSION = YES;
				CLANG_WARN_OBJC_ROOT_CLASS = YES_ERROR;
				CLANG_WARN_QUOTED_INCLUDE_IN_FRAMEWORK_HEADER = YES;
				CLANG_WARN_RANGE_LOOP_ANALYSIS = YES;
				CLANG_WARN_STRICT_PROTOTYPES = YES;
				CLANG_WARN_SUSPICIOUS_MOVE = YES;
				CLANG_WARN_UNGUARDED_AVAILABILITY = YES_AGGRESSIVE;
				CLANG_WARN_UNREACHABLE_CODE = YES;
				CLANG_WARN__DUPLICATE_METHOD_MATCH = YES;
				COPY_PHASE_STRIP = NO;
				DEBUG_INFORMATION_FORMAT = dwarf;
				ENABLE_STRICT_OBJC_MSGSEND = YES;
				ENABLE_TESTABILITY = YES;
				ENABLE_USER_SCRIPT_SANDBOXING = YES;
				GCC_C_LANGUAGE_STANDARD = gnu17;
				GCC_DYNAMIC_NO_PIC = NO;
				GCC_NO_COMMON_BLOCKS = YES;
				GCC_OPTIMIZATION_LEVEL = 0;
				GCC_PREPROCESSOR_DEFINITIONS = (
					"DEBUG=1",
					"$(inherited)",
				);
				GCC_WARN_64_TO_32_BIT_CONVERSION = YES;
				GCC_WARN_ABOUT_RETURN_TYPE = YES_ERROR;
				GCC_WARN_UNDECLARED_SELECTOR = YES;
				GCC_WARN_UNINITIALIZED_AUTOS = YES_AGGRESSIVE;
				GCC_WARN_UNUSED_FUNCTION = YES;
				GCC_WARN_UNUSED_VARIABLE = YES;
				IPHONEOS_DEPLOYMENT_TARGET = 17.4;
				LOCALIZATION_PREFERS_STRING_CATALOGS = YES;
				MTL_ENABLE_DEBUG_INFO = INCLUDE_SOURCE;
				MTL_FAST_MATH = YES;
				ONLY_ACTIVE_ARCH = YES;
				SDKROOT = iphoneos;
				SWIFT_ACTIVE_COMPILATION_CONDITIONS = "DEBUG $(inherited)";
				SWIFT_OPTIMIZATION_LEVEL = "-Onone";
			};
			name = Debug;
		};
		AD8DB7792C297556005E71EA /* Release */ = {
			isa = XCBuildConfiguration;
			buildSettings = {
				ALWAYS_SEARCH_USER_PATHS = NO;
				ASSETCATALOG_COMPILER_GENERATE_SWIFT_ASSET_SYMBOL_EXTENSIONS = YES;
				CLANG_ANALYZER_NONNULL = YES;
				CLANG_ANALYZER_NUMBER_OBJECT_CONVERSION = YES_AGGRESSIVE;
				CLANG_CXX_LANGUAGE_STANDARD = "gnu++20";
				CLANG_ENABLE_MODULES = YES;
				CLANG_ENABLE_OBJC_ARC = YES;
				CLANG_ENABLE_OBJC_WEAK = YES;
				CLANG_WARN_BLOCK_CAPTURE_AUTORELEASING = YES;
				CLANG_WARN_BOOL_CONVERSION = YES;
				CLANG_WARN_COMMA = YES;
				CLANG_WARN_CONSTANT_CONVERSION = YES;
				CLANG_WARN_DEPRECATED_OBJC_IMPLEMENTATIONS = YES;
				CLANG_WARN_DIRECT_OBJC_ISA_USAGE = YES_ERROR;
				CLANG_WARN_DOCUMENTATION_COMMENTS = YES;
				CLANG_WARN_EMPTY_BODY = YES;
				CLANG_WARN_ENUM_CONVERSION = YES;
				CLANG_WARN_INFINITE_RECURSION = YES;
				CLANG_WARN_INT_CONVERSION = YES;
				CLANG_WARN_NON_LITERAL_NULL_CONVERSION = YES;
				CLANG_WARN_OBJC_IMPLICIT_RETAIN_SELF = YES;
				CLANG_WARN_OBJC_LITERAL_CONVERSION = YES;
				CLANG_WARN_OBJC_ROOT_CLASS = YES_ERROR;
				CLANG_WARN_QUOTED_INCLUDE_IN_FRAMEWORK_HEADER = YES;
				CLANG_WARN_RANGE_LOOP_ANALYSIS = YES;
				CLANG_WARN_STRICT_PROTOTYPES = YES;
				CLANG_WARN_SUSPICIOUS_MOVE = YES;
				CLANG_WARN_UNGUARDED_AVAILABILITY = YES_AGGRESSIVE;
				CLANG_WARN_UNREACHABLE_CODE = YES;
				CLANG_WARN__DUPLICATE_METHOD_MATCH = YES;
				COPY_PHASE_STRIP = NO;
				DEBUG_INFORMATION_FORMAT = "dwarf-with-dsym";
				ENABLE_NS_ASSERTIONS = NO;
				ENABLE_STRICT_OBJC_MSGSEND = YES;
				ENABLE_USER_SCRIPT_SANDBOXING = YES;
				GCC_C_LANGUAGE_STANDARD = gnu17;
				GCC_NO_COMMON_BLOCKS = YES;
				GCC_WARN_64_TO_32_BIT_CONVERSION = YES;
				GCC_WARN_ABOUT_RETURN_TYPE = YES_ERROR;
				GCC_WARN_UNDECLARED_SELECTOR = YES;
				GCC_WARN_UNINITIALIZED_AUTOS = YES_AGGRESSIVE;
				GCC_WARN_UNUSED_FUNCTION = YES;
				GCC_WARN_UNUSED_VARIABLE = YES;
				IPHONEOS_DEPLOYMENT_TARGET = 17.4;
				LOCALIZATION_PREFERS_STRING_CATALOGS = YES;
				MTL_ENABLE_DEBUG_INFO = NO;
				MTL_FAST_MATH = YES;
				SDKROOT = iphoneos;
				SWIFT_COMPILATION_MODE = wholemodule;
				VALIDATE_PRODUCT = YES;
			};
			name = Release;
		};
		AD8DB77B2C297556005E71EA /* Debug */ = {
			isa = XCBuildConfiguration;
			buildSettings = {
				ASSETCATALOG_COMPILER_APPICON_NAME = AppIcon;
				ASSETCATALOG_COMPILER_GLOBAL_ACCENT_COLOR_NAME = AccentColor;
				CODE_SIGN_STYLE = Automatic;
				CURRENT_PROJECT_VERSION = 1;
				DEVELOPMENT_ASSET_PATHS = "\"Scrumdinger/Preview Content\"";
				DEVELOPMENT_TEAM = A7X76UJ98R;
				ENABLE_PREVIEWS = YES;
				GENERATE_INFOPLIST_FILE = YES;
				INFOPLIST_KEY_UIApplicationSceneManifest_Generation = YES;
				INFOPLIST_KEY_UIApplicationSupportsIndirectInputEvents = YES;
				INFOPLIST_KEY_UILaunchScreen_Generation = YES;
				INFOPLIST_KEY_UISupportedInterfaceOrientations_iPad = "UIInterfaceOrientationPortrait UIInterfaceOrientationPortraitUpsideDown UIInterfaceOrientationLandscapeLeft UIInterfaceOrientationLandscapeRight";
				INFOPLIST_KEY_UISupportedInterfaceOrientations_iPhone = "UIInterfaceOrientationPortrait UIInterfaceOrientationLandscapeLeft UIInterfaceOrientationLandscapeRight";
				LD_RUNPATH_SEARCH_PATHS = (
					"$(inherited)",
					"@executable_path/Frameworks",
				);
				MARKETING_VERSION = 1.0;
				PRODUCT_BUNDLE_IDENTIFIER = com.xiam.Scrumdinger;
				PRODUCT_NAME = "$(TARGET_NAME)";
				SWIFT_EMIT_LOC_STRINGS = YES;
				SWIFT_VERSION = 5.0;
				TARGETED_DEVICE_FAMILY = "1,2";
			};
			name = Debug;
		};
		AD8DB77C2C297556005E71EA /* Release */ = {
			isa = XCBuildConfiguration;
			buildSettings = {
				ASSETCATALOG_COMPILER_APPICON_NAME = AppIcon;
				ASSETCATALOG_COMPILER_GLOBAL_ACCENT_COLOR_NAME = AccentColor;
				CODE_SIGN_STYLE = Automatic;
				CURRENT_PROJECT_VERSION = 1;
				DEVELOPMENT_ASSET_PATHS = "\"Scrumdinger/Preview Content\"";
				DEVELOPMENT_TEAM = A7X76UJ98R;
				ENABLE_PREVIEWS = YES;
				GENERATE_INFOPLIST_FILE = YES;
				INFOPLIST_KEY_UIApplicationSceneManifest_Generation = YES;
				INFOPLIST_KEY_UIApplicationSupportsIndirectInputEvents = YES;
				INFOPLIST_KEY_UILaunchScreen_Generation = YES;
				INFOPLIST_KEY_UISupportedInterfaceOrientations_iPad = "UIInterfaceOrientationPortrait UIInterfaceOrientationPortraitUpsideDown UIInterfaceOrientationLandscapeLeft UIInterfaceOrientationLandscapeRight";
				INFOPLIST_KEY_UISupportedInterfaceOrientations_iPhone = "UIInterfaceOrientationPortrait UIInterfaceOrientationLandscapeLeft UIInterfaceOrientationLandscapeRight";
				LD_RUNPATH_SEARCH_PATHS = (
					"$(inherited)",
					"@executable_path/Frameworks",
				);
				MARKETING_VERSION = 1.0;
				PRODUCT_BUNDLE_IDENTIFIER = com.xiam.Scrumdinger;
				PRODUCT_NAME = "$(TARGET_NAME)";
				SWIFT_EMIT_LOC_STRINGS = YES;
				SWIFT_VERSION = 5.0;
				TARGETED_DEVICE_FAMILY = "1,2";
			};
			name = Release;
		};
/* End XCBuildConfiguration section */

/* Begin XCConfigurationList section */
		AD8DB7672C297555005E71EA /* Build configuration list for PBXProject "Scrumdinger" */ = {
			isa = XCConfigurationList;
			buildConfigurations = (
				AD8DB7782C297556005E71EA /* Debug */,
				AD8DB7792C297556005E71EA /* Release */,
			);
			defaultConfigurationIsVisible = 0;
			defaultConfigurationName = Release;
		};
		AD8DB77A2C297556005E71EA /* Build configuration list for PBXNativeTarget "Scrumdinger" */ = {
			isa = XCConfigurationList;
			buildConfigurations = (
				AD8DB77B2C297556005E71EA /* Debug */,
				AD8DB77C2C297556005E71EA /* Release */,
			);
			defaultConfigurationIsVisible = 0;
			defaultConfigurationName = Release;
		};
/* End XCConfigurationList section */
	};
	rootObject = AD8DB7642C297555005E71EA /* Project object */;
}
